
Microsoft Visual Studio Solution File, Format Version 12.00
# Visual Studio Version 16
VisualStudioVersion = 16.0.33529.622
MinimumVisualStudioVersion = 10.0.40219.1
Project("{FAE04EC0-301F-11D3-BF4B-00C04F79EFBC}") = "Business Days", "Business Days\Business Days.csproj", "{B31A7656-B3CB-4E87-BD53-3F84B357842C}"
EndProject
Global
	GlobalSection(SolutionConfigurationPlatforms) = preSolution
		Debug|Any CPU = Debug|Any CPU
		Release|Any CPU = Release|Any CPU
	EndGlobalSection
	GlobalSection(ProjectConfigurationPlatforms) = postSolution
		{B31A7656-B3CB-4E87-BD53-3F84B357842C}.Debug|Any CPU.ActiveCfg = Debug|Any CPU
		{B31A7656-B3CB-4E87-BD53-3F84B357842C}.Debug|Any CPU.Build.0 = Debug|Any CPU
		{B31A7656-B3CB-4E87-BD53-3F84B357842C}.Release|Any CPU.ActiveCfg = Release|Any CPU
		{B31A7656-B3CB-4E87-BD53-3F84B357842C}.Release|Any CPU.Build.0 = Release|Any CPU
	EndGlobalSection
	GlobalSection(SolutionProperties) = preSolution
		HideSolutionNode = FALSE
	EndGlobalSection
	GlobalSection(ExtensibilityGlobals) = postSolution
		SolutionGuid = {CAADB76D-480A-4116-ADCB-D01E9411EE6D}
	EndGlobalSection
EndGlobal
